// !$*UTF8*$!
{
	archiveVersion = 1;
	classes = {
	};
	objectVersion = 56;
	objects = {

/* Begin PBXBuildFile section */
		10264E608A5B0EB32FACA1C8 /* Pods_WeatherAppTests.framework in Frameworks */ = {isa = PBXBuildFile; fileRef = D58CD4A3F36101BE279C8A73 /* Pods_WeatherAppTests.framework */; };
		57CA0536D56081290B15F236 /* Pods_WeatherApp_WeatherAppUITests.framework in Frameworks */ = {isa = PBXBuildFile; fileRef = 5912966A8423199F44A6B552 /* Pods_WeatherApp_WeatherAppUITests.framework */; };
		8504A5FE29D3285300AFC9E8 /* CityCompletionView.swift in Sources */ = {isa = PBXBuildFile; fileRef = 8504A5FD29D3285300AFC9E8 /* CityCompletionView.swift */; };
		8534612929D6453400EB0FAB /* WeekForecast.swift in Sources */ = {isa = PBXBuildFile; fileRef = 8534612829D6453400EB0FAB /* WeekForecast.swift */; };
		85400A3E29C87040008BD1E7 /* MainView.swift in Sources */ = {isa = PBXBuildFile; fileRef = 85400A3D29C87040008BD1E7 /* MainView.swift */; };
		85400A4229C87145008BD1E7 /* CurrentTemperatureView.swift in Sources */ = {isa = PBXBuildFile; fileRef = 85400A4129C87145008BD1E7 /* CurrentTemperatureView.swift */; };
		85400A4429C9B6B0008BD1E7 /* DetailsView.swift in Sources */ = {isa = PBXBuildFile; fileRef = 85400A4329C9B6AF008BD1E7 /* DetailsView.swift */; };
		85400A4629C9D9AC008BD1E7 /* swiftgen.yml in Resources */ = {isa = PBXBuildFile; fileRef = 85400A4529C9D9AC008BD1E7 /* swiftgen.yml */; };
		85400A4A29C9DDCE008BD1E7 /* Localizable.strings in Resources */ = {isa = PBXBuildFile; fileRef = 85400A4C29C9DDCE008BD1E7 /* Localizable.strings */; };
		85400A5229C9E1EB008BD1E7 /* Strings.swift in Sources */ = {isa = PBXBuildFile; fileRef = 85400A5029C9E1EB008BD1E7 /* Strings.swift */; };
		85400A5329C9E1EB008BD1E7 /* Assets.swift in Sources */ = {isa = PBXBuildFile; fileRef = 85400A5129C9E1EB008BD1E7 /* Assets.swift */; };
		85400A5529C9E6AF008BD1E7 /* HourlyWeather.swift in Sources */ = {isa = PBXBuildFile; fileRef = 85400A5429C9E6AF008BD1E7 /* HourlyWeather.swift */; };
		85400A5729C9F220008BD1E7 /* Icon.swift in Sources */ = {isa = PBXBuildFile; fileRef = 85400A5629C9F21F008BD1E7 /* Icon.swift */; };
		85400A5929CB09FA008BD1E7 /* MapView.swift in Sources */ = {isa = PBXBuildFile; fileRef = 85400A5829CB09FA008BD1E7 /* MapView.swift */; };
		85400A5B29CCAA14008BD1E7 /* SearchFieldView.swift in Sources */ = {isa = PBXBuildFile; fileRef = 85400A5A29CCAA14008BD1E7 /* SearchFieldView.swift */; };
		85400A5E29CD99F4008BD1E7 /* ViewExtensions.swift in Sources */ = {isa = PBXBuildFile; fileRef = 85400A5D29CD99F4008BD1E7 /* ViewExtensions.swift */; };
		85400A6029CDB4C6008BD1E7 /* DateExtensions.swift in Sources */ = {isa = PBXBuildFile; fileRef = 85400A5F29CDB4C6008BD1E7 /* DateExtensions.swift */; };
		85400A6229D2E380008BD1E7 /* SearchScreenView.swift in Sources */ = {isa = PBXBuildFile; fileRef = 85400A6129D2E380008BD1E7 /* SearchScreenView.swift */; };
		85400A6629D2E68A008BD1E7 /* TextFieldView.swift in Sources */ = {isa = PBXBuildFile; fileRef = 85400A6529D2E68A008BD1E7 /* TextFieldView.swift */; };
		854E253429C857C000E826FE /* WeatherApp.swift in Sources */ = {isa = PBXBuildFile; fileRef = 854E253329C857C000E826FE /* WeatherApp.swift */; };
		854E253829C857C200E826FE /* Assets.xcassets in Resources */ = {isa = PBXBuildFile; fileRef = 854E253729C857C200E826FE /* Assets.xcassets */; };
		854E253B29C857C200E826FE /* Preview Assets.xcassets in Resources */ = {isa = PBXBuildFile; fileRef = 854E253A29C857C200E826FE /* Preview Assets.xcassets */; };
		854E254029C857C200E826FE /* WeatherApp.xcdatamodeld in Sources */ = {isa = PBXBuildFile; fileRef = 854E253E29C857C200E826FE /* WeatherApp.xcdatamodeld */; };
		854E254A29C857C200E826FE /* WeatherAppTests.swift in Sources */ = {isa = PBXBuildFile; fileRef = 854E254929C857C200E826FE /* WeatherAppTests.swift */; };
		854E255429C857C200E826FE /* WeatherAppUITests.swift in Sources */ = {isa = PBXBuildFile; fileRef = 854E255329C857C200E826FE /* WeatherAppUITests.swift */; };
		854E255629C857C200E826FE /* WeatherAppUITestsLaunchTests.swift in Sources */ = {isa = PBXBuildFile; fileRef = 854E255529C857C200E826FE /* WeatherAppUITestsLaunchTests.swift */; };
		85C15A1929D457D1009CDE8B /* CityDetailView.swift in Sources */ = {isa = PBXBuildFile; fileRef = 85C15A1829D457D1009CDE8B /* CityDetailView.swift */; };
		85C15A1C29D46481009CDE8B /* CitiesListView.swift in Sources */ = {isa = PBXBuildFile; fileRef = 85C15A1B29D46481009CDE8B /* CitiesListView.swift */; };
		85E35E6329DD8E4E0095FF08 /* Router.swift in Sources */ = {isa = PBXBuildFile; fileRef = 85E35E6229DD8E4E0095FF08 /* Router.swift */; };
		85E35E6629E6EC040095FF08 /* WeatherData.swift in Sources */ = {isa = PBXBuildFile; fileRef = 85E35E6529E6EC040095FF08 /* WeatherData.swift */; };
		85E35E6929E6FF2A0095FF08 /* API.swift in Sources */ = {isa = PBXBuildFile; fileRef = 85E35E6829E6FF2A0095FF08 /* API.swift */; };
		85E35E6B29E82CF70095FF08 /* CityData.swift in Sources */ = {isa = PBXBuildFile; fileRef = 85E35E6A29E82CF70095FF08 /* CityData.swift */; };
		85E35E6E29ED9FB90095FF08 /* CityModel.swift in Sources */ = {isa = PBXBuildFile; fileRef = 85E35E6D29ED9FB90095FF08 /* CityModel.swift */; };
		85E35E7029EEFAB00095FF08 /* DataExtensions.swift in Sources */ = {isa = PBXBuildFile; fileRef = 85E35E6F29EEFAB00095FF08 /* DataExtensions.swift */; };
		85E35E7229F026020095FF08 /* Repository.swift in Sources */ = {isa = PBXBuildFile; fileRef = 85E35E7129F026020095FF08 /* Repository.swift */; };
		85E35E7429F3F1B60095FF08 /* SearchScreenViewModel.swift in Sources */ = {isa = PBXBuildFile; fileRef = 85E35E7329F3F1B60095FF08 /* SearchScreenViewModel.swift */; };
		85E35E7629F3F5CF0095FF08 /* WeatherViewModel.swift in Sources */ = {isa = PBXBuildFile; fileRef = 85E35E7529F3F5CF0095FF08 /* WeatherViewModel.swift */; };
		85E35E7829F3FA270095FF08 /* CitiesListViewModel.swift in Sources */ = {isa = PBXBuildFile; fileRef = 85E35E7729F3FA270095FF08 /* CitiesListViewModel.swift */; };
		85E35E7D29F6F5050095FF08 /* Persistence.swift in Sources */ = {isa = PBXBuildFile; fileRef = 85E35E7C29F6F5040095FF08 /* Persistence.swift */; };
		85E35E8029F7CF5D0095FF08 /* DataModel.xcdatamodeld in Sources */ = {isa = PBXBuildFile; fileRef = 85E35E7E29F7CF5D0095FF08 /* DataModel.xcdatamodeld */; };
		85E35E832A0153570095FF08 /* AppAssembly.swift in Sources */ = {isa = PBXBuildFile; fileRef = 85E35E822A0153570095FF08 /* AppAssembly.swift */; };
		85E35E852A0154E60095FF08 /* ContainerExtension.swift in Sources */ = {isa = PBXBuildFile; fileRef = 85E35E842A0154E60095FF08 /* ContainerExtension.swift */; };
		85ECB2F929D65FBE00DCCD59 /* InformationView.swift in Sources */ = {isa = PBXBuildFile; fileRef = 85ECB2F829D65FBE00DCCD59 /* InformationView.swift */; };
		85ECB2FE29D9A27D00DCCD59 /* WeatherModel.swift in Sources */ = {isa = PBXBuildFile; fileRef = 85ECB2FD29D9A27D00DCCD59 /* WeatherModel.swift */; };
		85ECB30029DB15C500DCCD59 /* MainViewModel.swift in Sources */ = {isa = PBXBuildFile; fileRef = 85ECB2FF29DB15C500DCCD59 /* MainViewModel.swift */; };
		85ECB30329DB34D400DCCD59 /* WeatherView.swift in Sources */ = {isa = PBXBuildFile; fileRef = 85ECB30229DB34D400DCCD59 /* WeatherView.swift */; };
		BC84B95E164EC90BFB9B17C2 /* Pods_WeatherApp.framework in Frameworks */ = {isa = PBXBuildFile; fileRef = 2A6BFE1A7CFBF92DD850B5BE /* Pods_WeatherApp.framework */; };
/* End PBXBuildFile section */

/* Begin PBXContainerItemProxy section */
		854E254629C857C200E826FE /* PBXContainerItemProxy */ = {
			isa = PBXContainerItemProxy;
			containerPortal = 854E252829C857C000E826FE /* Project object */;
			proxyType = 1;
			remoteGlobalIDString = 854E252F29C857C000E826FE;
			remoteInfo = WeatherApp;
		};
		854E255029C857C200E826FE /* PBXContainerItemProxy */ = {
			isa = PBXContainerItemProxy;
			containerPortal = 854E252829C857C000E826FE /* Project object */;
			proxyType = 1;
			remoteGlobalIDString = 854E252F29C857C000E826FE;
			remoteInfo = WeatherApp;
		};
/* End PBXContainerItemProxy section */

/* Begin PBXFileReference section */
		2A6BFE1A7CFBF92DD850B5BE /* Pods_WeatherApp.framework */ = {isa = PBXFileReference; explicitFileType = wrapper.framework; includeInIndex = 0; path = Pods_WeatherApp.framework; sourceTree = BUILT_PRODUCTS_DIR; };
		2C15BE7EB8211A777DB8C167 /* Pods-WeatherApp-WeatherAppUITests.debug.xcconfig */ = {isa = PBXFileReference; includeInIndex = 1; lastKnownFileType = text.xcconfig; name = "Pods-WeatherApp-WeatherAppUITests.debug.xcconfig"; path = "Target Support Files/Pods-WeatherApp-WeatherAppUITests/Pods-WeatherApp-WeatherAppUITests.debug.xcconfig"; sourceTree = "<group>"; };
		33F1CCCB29A79F7A8FE9F08A /* Pods-WeatherAppTests.release.xcconfig */ = {isa = PBXFileReference; includeInIndex = 1; lastKnownFileType = text.xcconfig; name = "Pods-WeatherAppTests.release.xcconfig"; path = "Target Support Files/Pods-WeatherAppTests/Pods-WeatherAppTests.release.xcconfig"; sourceTree = "<group>"; };
		5912966A8423199F44A6B552 /* Pods_WeatherApp_WeatherAppUITests.framework */ = {isa = PBXFileReference; explicitFileType = wrapper.framework; includeInIndex = 0; path = Pods_WeatherApp_WeatherAppUITests.framework; sourceTree = BUILT_PRODUCTS_DIR; };
		8504A5FD29D3285300AFC9E8 /* CityCompletionView.swift */ = {isa = PBXFileReference; lastKnownFileType = sourcecode.swift; path = CityCompletionView.swift; sourceTree = "<group>"; };
		8534612829D6453400EB0FAB /* WeekForecast.swift */ = {isa = PBXFileReference; lastKnownFileType = sourcecode.swift; path = WeekForecast.swift; sourceTree = "<group>"; };
		85400A3D29C87040008BD1E7 /* MainView.swift */ = {isa = PBXFileReference; lastKnownFileType = sourcecode.swift; path = MainView.swift; sourceTree = "<group>"; };
		85400A4129C87145008BD1E7 /* CurrentTemperatureView.swift */ = {isa = PBXFileReference; lastKnownFileType = sourcecode.swift; path = CurrentTemperatureView.swift; sourceTree = "<group>"; };
		85400A4329C9B6AF008BD1E7 /* DetailsView.swift */ = {isa = PBXFileReference; lastKnownFileType = sourcecode.swift; path = DetailsView.swift; sourceTree = "<group>"; };
		85400A4529C9D9AC008BD1E7 /* swiftgen.yml */ = {isa = PBXFileReference; fileEncoding = 4; lastKnownFileType = text.yaml; path = swiftgen.yml; sourceTree = "<group>"; };
		85400A4B29C9DDCE008BD1E7 /* en */ = {isa = PBXFileReference; lastKnownFileType = text.plist.strings; name = en; path = en.lproj/Localizable.strings; sourceTree = "<group>"; };
		85400A4D29C9DDD0008BD1E7 /* uk */ = {isa = PBXFileReference; lastKnownFileType = text.plist.strings; name = uk; path = uk.lproj/Localizable.strings; sourceTree = "<group>"; };
		85400A5029C9E1EB008BD1E7 /* Strings.swift */ = {isa = PBXFileReference; fileEncoding = 4; lastKnownFileType = sourcecode.swift; path = Strings.swift; sourceTree = "<group>"; };
		85400A5129C9E1EB008BD1E7 /* Assets.swift */ = {isa = PBXFileReference; fileEncoding = 4; lastKnownFileType = sourcecode.swift; path = Assets.swift; sourceTree = "<group>"; };
		85400A5429C9E6AF008BD1E7 /* HourlyWeather.swift */ = {isa = PBXFileReference; lastKnownFileType = sourcecode.swift; path = HourlyWeather.swift; sourceTree = "<group>"; };
		85400A5629C9F21F008BD1E7 /* Icon.swift */ = {isa = PBXFileReference; lastKnownFileType = sourcecode.swift; path = Icon.swift; sourceTree = "<group>"; };
		85400A5829CB09FA008BD1E7 /* MapView.swift */ = {isa = PBXFileReference; lastKnownFileType = sourcecode.swift; path = MapView.swift; sourceTree = "<group>"; };
		85400A5A29CCAA14008BD1E7 /* SearchFieldView.swift */ = {isa = PBXFileReference; lastKnownFileType = sourcecode.swift; path = SearchFieldView.swift; sourceTree = "<group>"; };
		85400A5D29CD99F4008BD1E7 /* ViewExtensions.swift */ = {isa = PBXFileReference; lastKnownFileType = sourcecode.swift; path = ViewExtensions.swift; sourceTree = "<group>"; };
		85400A5F29CDB4C6008BD1E7 /* DateExtensions.swift */ = {isa = PBXFileReference; lastKnownFileType = sourcecode.swift; path = DateExtensions.swift; sourceTree = "<group>"; };
		85400A6129D2E380008BD1E7 /* SearchScreenView.swift */ = {isa = PBXFileReference; lastKnownFileType = sourcecode.swift; path = SearchScreenView.swift; sourceTree = "<group>"; };
		85400A6529D2E68A008BD1E7 /* TextFieldView.swift */ = {isa = PBXFileReference; lastKnownFileType = sourcecode.swift; path = TextFieldView.swift; sourceTree = "<group>"; };
		854E253029C857C000E826FE /* WeatherApp.app */ = {isa = PBXFileReference; explicitFileType = wrapper.application; includeInIndex = 0; path = WeatherApp.app; sourceTree = BUILT_PRODUCTS_DIR; };
		854E253329C857C000E826FE /* WeatherApp.swift */ = {isa = PBXFileReference; lastKnownFileType = sourcecode.swift; path = WeatherApp.swift; sourceTree = "<group>"; };
		854E253729C857C200E826FE /* Assets.xcassets */ = {isa = PBXFileReference; lastKnownFileType = folder.assetcatalog; path = Assets.xcassets; sourceTree = "<group>"; };
		854E253A29C857C200E826FE /* Preview Assets.xcassets */ = {isa = PBXFileReference; lastKnownFileType = folder.assetcatalog; path = "Preview Assets.xcassets"; sourceTree = "<group>"; };
		854E253F29C857C200E826FE /* WeatherApp.xcdatamodel */ = {isa = PBXFileReference; lastKnownFileType = wrapper.xcdatamodel; path = WeatherApp.xcdatamodel; sourceTree = "<group>"; };
		854E254529C857C200E826FE /* WeatherAppTests.xctest */ = {isa = PBXFileReference; explicitFileType = wrapper.cfbundle; includeInIndex = 0; path = WeatherAppTests.xctest; sourceTree = BUILT_PRODUCTS_DIR; };
		854E254929C857C200E826FE /* WeatherAppTests.swift */ = {isa = PBXFileReference; lastKnownFileType = sourcecode.swift; path = WeatherAppTests.swift; sourceTree = "<group>"; };
		854E254F29C857C200E826FE /* WeatherAppUITests.xctest */ = {isa = PBXFileReference; explicitFileType = wrapper.cfbundle; includeInIndex = 0; path = WeatherAppUITests.xctest; sourceTree = BUILT_PRODUCTS_DIR; };
		854E255329C857C200E826FE /* WeatherAppUITests.swift */ = {isa = PBXFileReference; lastKnownFileType = sourcecode.swift; path = WeatherAppUITests.swift; sourceTree = "<group>"; };
		854E255529C857C200E826FE /* WeatherAppUITestsLaunchTests.swift */ = {isa = PBXFileReference; lastKnownFileType = sourcecode.swift; path = WeatherAppUITestsLaunchTests.swift; sourceTree = "<group>"; };
		85C15A1829D457D1009CDE8B /* CityDetailView.swift */ = {isa = PBXFileReference; lastKnownFileType = sourcecode.swift; path = CityDetailView.swift; sourceTree = "<group>"; };
		85C15A1B29D46481009CDE8B /* CitiesListView.swift */ = {isa = PBXFileReference; lastKnownFileType = sourcecode.swift; path = CitiesListView.swift; sourceTree = "<group>"; };
		85E35E6229DD8E4E0095FF08 /* Router.swift */ = {isa = PBXFileReference; lastKnownFileType = sourcecode.swift; path = Router.swift; sourceTree = "<group>"; };
		85E35E6529E6EC040095FF08 /* WeatherData.swift */ = {isa = PBXFileReference; lastKnownFileType = sourcecode.swift; path = WeatherData.swift; sourceTree = "<group>"; };
		85E35E6829E6FF2A0095FF08 /* API.swift */ = {isa = PBXFileReference; lastKnownFileType = sourcecode.swift; path = API.swift; sourceTree = "<group>"; };
		85E35E6A29E82CF70095FF08 /* CityData.swift */ = {isa = PBXFileReference; lastKnownFileType = sourcecode.swift; path = CityData.swift; sourceTree = "<group>"; };
		85E35E6D29ED9FB90095FF08 /* CityModel.swift */ = {isa = PBXFileReference; lastKnownFileType = sourcecode.swift; path = CityModel.swift; sourceTree = "<group>"; };
		85E35E6F29EEFAB00095FF08 /* DataExtensions.swift */ = {isa = PBXFileReference; lastKnownFileType = sourcecode.swift; path = DataExtensions.swift; sourceTree = "<group>"; };
		85E35E7129F026020095FF08 /* Repository.swift */ = {isa = PBXFileReference; lastKnownFileType = sourcecode.swift; path = Repository.swift; sourceTree = "<group>"; };
		85E35E7329F3F1B60095FF08 /* SearchScreenViewModel.swift */ = {isa = PBXFileReference; lastKnownFileType = sourcecode.swift; path = SearchScreenViewModel.swift; sourceTree = "<group>"; };
		85E35E7529F3F5CF0095FF08 /* WeatherViewModel.swift */ = {isa = PBXFileReference; lastKnownFileType = sourcecode.swift; path = WeatherViewModel.swift; sourceTree = "<group>"; };
		85E35E7729F3FA270095FF08 /* CitiesListViewModel.swift */ = {isa = PBXFileReference; lastKnownFileType = sourcecode.swift; path = CitiesListViewModel.swift; sourceTree = "<group>"; };
		85E35E7C29F6F5040095FF08 /* Persistence.swift */ = {isa = PBXFileReference; lastKnownFileType = sourcecode.swift; path = Persistence.swift; sourceTree = "<group>"; };
		85E35E7F29F7CF5D0095FF08 /* DataModel.xcdatamodel */ = {isa = PBXFileReference; lastKnownFileType = wrapper.xcdatamodel; path = DataModel.xcdatamodel; sourceTree = "<group>"; };
		85E35E822A0153570095FF08 /* AppAssembly.swift */ = {isa = PBXFileReference; lastKnownFileType = sourcecode.swift; path = AppAssembly.swift; sourceTree = "<group>"; };
		85E35E842A0154E60095FF08 /* ContainerExtension.swift */ = {isa = PBXFileReference; lastKnownFileType = sourcecode.swift; path = ContainerExtension.swift; sourceTree = "<group>"; };
		85ECB2F829D65FBE00DCCD59 /* InformationView.swift */ = {isa = PBXFileReference; lastKnownFileType = sourcecode.swift; path = InformationView.swift; sourceTree = "<group>"; };
		85ECB2FD29D9A27D00DCCD59 /* WeatherModel.swift */ = {isa = PBXFileReference; lastKnownFileType = sourcecode.swift; path = WeatherModel.swift; sourceTree = "<group>"; };
		85ECB2FF29DB15C500DCCD59 /* MainViewModel.swift */ = {isa = PBXFileReference; lastKnownFileType = sourcecode.swift; path = MainViewModel.swift; sourceTree = "<group>"; };
		85ECB30229DB34D400DCCD59 /* WeatherView.swift */ = {isa = PBXFileReference; lastKnownFileType = sourcecode.swift; path = WeatherView.swift; sourceTree = "<group>"; };
		CDA265E7EE6853E6242E5371 /* Pods-WeatherApp.debug.xcconfig */ = {isa = PBXFileReference; includeInIndex = 1; lastKnownFileType = text.xcconfig; name = "Pods-WeatherApp.debug.xcconfig"; path = "Target Support Files/Pods-WeatherApp/Pods-WeatherApp.debug.xcconfig"; sourceTree = "<group>"; };
		D58CD4A3F36101BE279C8A73 /* Pods_WeatherAppTests.framework */ = {isa = PBXFileReference; explicitFileType = wrapper.framework; includeInIndex = 0; path = Pods_WeatherAppTests.framework; sourceTree = BUILT_PRODUCTS_DIR; };
		D9D272905374C5CB70C34372 /* Pods-WeatherApp-WeatherAppUITests.release.xcconfig */ = {isa = PBXFileReference; includeInIndex = 1; lastKnownFileType = text.xcconfig; name = "Pods-WeatherApp-WeatherAppUITests.release.xcconfig"; path = "Target Support Files/Pods-WeatherApp-WeatherAppUITests/Pods-WeatherApp-WeatherAppUITests.release.xcconfig"; sourceTree = "<group>"; };
		DA0AFF364A21B7A699413955 /* Pods-WeatherApp.release.xcconfig */ = {isa = PBXFileReference; includeInIndex = 1; lastKnownFileType = text.xcconfig; name = "Pods-WeatherApp.release.xcconfig"; path = "Target Support Files/Pods-WeatherApp/Pods-WeatherApp.release.xcconfig"; sourceTree = "<group>"; };
		E07E94D48F88BAC0C0C0871E /* Pods-WeatherAppTests.debug.xcconfig */ = {isa = PBXFileReference; includeInIndex = 1; lastKnownFileType = text.xcconfig; name = "Pods-WeatherAppTests.debug.xcconfig"; path = "Target Support Files/Pods-WeatherAppTests/Pods-WeatherAppTests.debug.xcconfig"; sourceTree = "<group>"; };
/* End PBXFileReference section */

/* Begin PBXFrameworksBuildPhase section */
		854E252D29C857C000E826FE /* Frameworks */ = {
			isa = PBXFrameworksBuildPhase;
			buildActionMask = 2147483647;
			files = (
				BC84B95E164EC90BFB9B17C2 /* Pods_WeatherApp.framework in Frameworks */,
			);
			runOnlyForDeploymentPostprocessing = 0;
		};
		854E254229C857C200E826FE /* Frameworks */ = {
			isa = PBXFrameworksBuildPhase;
			buildActionMask = 2147483647;
			files = (
				10264E608A5B0EB32FACA1C8 /* Pods_WeatherAppTests.framework in Frameworks */,
			);
			runOnlyForDeploymentPostprocessing = 0;
		};
		854E254C29C857C200E826FE /* Frameworks */ = {
			isa = PBXFrameworksBuildPhase;
			buildActionMask = 2147483647;
			files = (
				57CA0536D56081290B15F236 /* Pods_WeatherApp_WeatherAppUITests.framework in Frameworks */,
			);
			runOnlyForDeploymentPostprocessing = 0;
		};
/* End PBXFrameworksBuildPhase section */

/* Begin PBXGroup section */
		70B189E8B226D146C2D8A4F7 /* Frameworks */ = {
			isa = PBXGroup;
			children = (
				2A6BFE1A7CFBF92DD850B5BE /* Pods_WeatherApp.framework */,
				5912966A8423199F44A6B552 /* Pods_WeatherApp_WeatherAppUITests.framework */,
				D58CD4A3F36101BE279C8A73 /* Pods_WeatherAppTests.framework */,
			);
			name = Frameworks;
			sourceTree = "<group>";
		};
		8534612729D46EC700EB0FAB /* Elements */ = {
			isa = PBXGroup;
			children = (
				85C15A1829D457D1009CDE8B /* CityDetailView.swift */,
			);
			path = Elements;
			sourceTree = "<group>";
		};
		85400A3F29C870BE008BD1E7 /* MainView */ = {
			isa = PBXGroup;
			children = (
				85400A4029C870D2008BD1E7 /* Elements */,
				85400A3D29C87040008BD1E7 /* MainView.swift */,
				85ECB2FF29DB15C500DCCD59 /* MainViewModel.swift */,
			);
			path = MainView;
			sourceTree = "<group>";
		};
		85400A4029C870D2008BD1E7 /* Elements */ = {
			isa = PBXGroup;
			children = (
				85400A5A29CCAA14008BD1E7 /* SearchFieldView.swift */,
			);
			path = Elements;
			sourceTree = "<group>";
		};
		85400A4F29C9E13E008BD1E7 /* SwiftGen */ = {
			isa = PBXGroup;
			children = (
				85400A5129C9E1EB008BD1E7 /* Assets.swift */,
				85400A5029C9E1EB008BD1E7 /* Strings.swift */,
			);
			path = SwiftGen;
			sourceTree = "<group>";
		};
		85400A5C29CD99C6008BD1E7 /* Extensions */ = {
			isa = PBXGroup;
			children = (
				85400A5D29CD99F4008BD1E7 /* ViewExtensions.swift */,
				85400A5F29CDB4C6008BD1E7 /* DateExtensions.swift */,
				85E35E6F29EEFAB00095FF08 /* DataExtensions.swift */,
				85E35E842A0154E60095FF08 /* ContainerExtension.swift */,
			);
			path = Extensions;
			sourceTree = "<group>";
		};
		85400A6329D2E61B008BD1E7 /* SearchScreen */ = {
			isa = PBXGroup;
			children = (
				85E35E6C29ED9F9E0095FF08 /* Model */,
				85400A6429D2E645008BD1E7 /* Elements */,
				85400A6129D2E380008BD1E7 /* SearchScreenView.swift */,
				85E35E7329F3F1B60095FF08 /* SearchScreenViewModel.swift */,
			);
			path = SearchScreen;
			sourceTree = "<group>";
		};
		85400A6429D2E645008BD1E7 /* Elements */ = {
			isa = PBXGroup;
			children = (
				85400A6529D2E68A008BD1E7 /* TextFieldView.swift */,
				8504A5FD29D3285300AFC9E8 /* CityCompletionView.swift */,
			);
			path = Elements;
			sourceTree = "<group>";
		};
		854E252729C857C000E826FE = {
			isa = PBXGroup;
			children = (
				85400A4529C9D9AC008BD1E7 /* swiftgen.yml */,
				854E253229C857C000E826FE /* WeatherApp */,
				854E254829C857C200E826FE /* WeatherAppTests */,
				854E255229C857C200E826FE /* WeatherAppUITests */,
				854E253129C857C000E826FE /* Products */,
				EE9BD58DB83FF4F29902324D /* Pods */,
				70B189E8B226D146C2D8A4F7 /* Frameworks */,
			);
			sourceTree = "<group>";
		};
		854E253129C857C000E826FE /* Products */ = {
			isa = PBXGroup;
			children = (
				854E253029C857C000E826FE /* WeatherApp.app */,
				854E254529C857C200E826FE /* WeatherAppTests.xctest */,
				854E254F29C857C200E826FE /* WeatherAppUITests.xctest */,
			);
			name = Products;
			sourceTree = "<group>";
		};
		854E253229C857C000E826FE /* WeatherApp */ = {
			isa = PBXGroup;
			children = (
				85E35E812A01531B0095FF08 /* DI */,
				85E35E7B29F6F4E40095FF08 /* Persistence */,
				85E35E6729E6FF040095FF08 /* Network */,
				85E35E6429E6EBD20095FF08 /* Models */,
				85E35E6229DD8E4E0095FF08 /* Router.swift */,
				85400A5C29CD99C6008BD1E7 /* Extensions */,
				85400A4C29C9DDCE008BD1E7 /* Localizable.strings */,
				85400A4F29C9E13E008BD1E7 /* SwiftGen */,
				854E253329C857C000E826FE /* WeatherApp.swift */,
				85400A3F29C870BE008BD1E7 /* MainView */,
				85400A6329D2E61B008BD1E7 /* SearchScreen */,
				85ECB30129DB34B500DCCD59 /* WeatherView */,
				85C15A1A29D4642A009CDE8B /* CitiesListView */,
				85ECB2FA29D6629D00DCCD59 /* InformationView */,
				854E253729C857C200E826FE /* Assets.xcassets */,
				854E253E29C857C200E826FE /* WeatherApp.xcdatamodeld */,
				854E253929C857C200E826FE /* Preview Content */,
			);
			path = WeatherApp;
			sourceTree = "<group>";
		};
		854E253929C857C200E826FE /* Preview Content */ = {
			isa = PBXGroup;
			children = (
				854E253A29C857C200E826FE /* Preview Assets.xcassets */,
			);
			path = "Preview Content";
			sourceTree = "<group>";
		};
		854E254829C857C200E826FE /* WeatherAppTests */ = {
			isa = PBXGroup;
			children = (
				854E254929C857C200E826FE /* WeatherAppTests.swift */,
			);
			path = WeatherAppTests;
			sourceTree = "<group>";
		};
		854E255229C857C200E826FE /* WeatherAppUITests */ = {
			isa = PBXGroup;
			children = (
				854E255329C857C200E826FE /* WeatherAppUITests.swift */,
				854E255529C857C200E826FE /* WeatherAppUITestsLaunchTests.swift */,
			);
			path = WeatherAppUITests;
			sourceTree = "<group>";
		};
		85C15A1A29D4642A009CDE8B /* CitiesListView */ = {
			isa = PBXGroup;
			children = (
				8534612729D46EC700EB0FAB /* Elements */,
				85C15A1B29D46481009CDE8B /* CitiesListView.swift */,
				85E35E7729F3FA270095FF08 /* CitiesListViewModel.swift */,
			);
			path = CitiesListView;
			sourceTree = "<group>";
		};
		85E35E6429E6EBD20095FF08 /* Models */ = {
			isa = PBXGroup;
			children = (
				85E35E6529E6EC040095FF08 /* WeatherData.swift */,
				85E35E6A29E82CF70095FF08 /* CityData.swift */,
			);
			path = Models;
			sourceTree = "<group>";
		};
		85E35E6729E6FF040095FF08 /* Network */ = {
			isa = PBXGroup;
			children = (
				85E35E6829E6FF2A0095FF08 /* API.swift */,
				85E35E7129F026020095FF08 /* Repository.swift */,
			);
			path = Network;
			sourceTree = "<group>";
		};
		85E35E6C29ED9F9E0095FF08 /* Model */ = {
			isa = PBXGroup;
			children = (
				85E35E6D29ED9FB90095FF08 /* CityModel.swift */,
			);
			path = Model;
			sourceTree = "<group>";
		};
		85E35E7B29F6F4E40095FF08 /* Persistence */ = {
			isa = PBXGroup;
			children = (
				85E35E7C29F6F5040095FF08 /* Persistence.swift */,
				85E35E7E29F7CF5D0095FF08 /* DataModel.xcdatamodeld */,
			);
			path = Persistence;
			sourceTree = "<group>";
		};
		85E35E812A01531B0095FF08 /* DI */ = {
			isa = PBXGroup;
			children = (
				85E35E822A0153570095FF08 /* AppAssembly.swift */,
			);
			path = DI;
			sourceTree = "<group>";
		};
		85ECB2FA29D6629D00DCCD59 /* InformationView */ = {
			isa = PBXGroup;
			children = (
				85ECB2FC29D9A23A00DCCD59 /* Model */,
				85ECB2FB29D662DB00DCCD59 /* Elements */,
				85ECB2F829D65FBE00DCCD59 /* InformationView.swift */,
			);
			path = InformationView;
			sourceTree = "<group>";
		};
		85ECB2FB29D662DB00DCCD59 /* Elements */ = {
			isa = PBXGroup;
			children = (
				85400A4129C87145008BD1E7 /* CurrentTemperatureView.swift */,
				85400A4329C9B6AF008BD1E7 /* DetailsView.swift */,
				85400A5429C9E6AF008BD1E7 /* HourlyWeather.swift */,
				8534612829D6453400EB0FAB /* WeekForecast.swift */,
				85400A5829CB09FA008BD1E7 /* MapView.swift */,
				85400A5629C9F21F008BD1E7 /* Icon.swift */,
			);
			path = Elements;
			sourceTree = "<group>";
		};
		85ECB2FC29D9A23A00DCCD59 /* Model */ = {
			isa = PBXGroup;
			children = (
				85ECB2FD29D9A27D00DCCD59 /* WeatherModel.swift */,
			);
			path = Model;
			sourceTree = "<group>";
		};
		85ECB30129DB34B500DCCD59 /* WeatherView */ = {
			isa = PBXGroup;
			children = (
				85ECB30229DB34D400DCCD59 /* WeatherView.swift */,
				85E35E7529F3F5CF0095FF08 /* WeatherViewModel.swift */,
			);
			path = WeatherView;
			sourceTree = "<group>";
		};
		EE9BD58DB83FF4F29902324D /* Pods */ = {
			isa = PBXGroup;
			children = (
				CDA265E7EE6853E6242E5371 /* Pods-WeatherApp.debug.xcconfig */,
				DA0AFF364A21B7A699413955 /* Pods-WeatherApp.release.xcconfig */,
				2C15BE7EB8211A777DB8C167 /* Pods-WeatherApp-WeatherAppUITests.debug.xcconfig */,
				D9D272905374C5CB70C34372 /* Pods-WeatherApp-WeatherAppUITests.release.xcconfig */,
				E07E94D48F88BAC0C0C0871E /* Pods-WeatherAppTests.debug.xcconfig */,
				33F1CCCB29A79F7A8FE9F08A /* Pods-WeatherAppTests.release.xcconfig */,
			);
			path = Pods;
			sourceTree = "<group>";
		};
/* End PBXGroup section */

/* Begin PBXNativeTarget section */
		854E252F29C857C000E826FE /* WeatherApp */ = {
			isa = PBXNativeTarget;
			buildConfigurationList = 854E255929C857C200E826FE /* Build configuration list for PBXNativeTarget "WeatherApp" */;
			buildPhases = (
				9C9A8614FAB65E5751C149E9 /* [CP] Check Pods Manifest.lock */,
				85400A4729C9D9D5008BD1E7 /* SwiftLint */,
				85400A4E29C9DE76008BD1E7 /* SwiftGen */,
				854E252C29C857C000E826FE /* Sources */,
				854E252D29C857C000E826FE /* Frameworks */,
				854E252E29C857C000E826FE /* Resources */,
				224E3BB608C572633BCB51B4 /* [CP] Embed Pods Frameworks */,
			);
			buildRules = (
			);
			dependencies = (
			);
			name = WeatherApp;
			productName = WeatherApp;
			productReference = 854E253029C857C000E826FE /* WeatherApp.app */;
			productType = "com.apple.product-type.application";
		};
		854E254429C857C200E826FE /* WeatherAppTests */ = {
			isa = PBXNativeTarget;
			buildConfigurationList = 854E255C29C857C200E826FE /* Build configuration list for PBXNativeTarget "WeatherAppTests" */;
			buildPhases = (
				5B0167B059189C31C5063A4B /* [CP] Check Pods Manifest.lock */,
				854E254129C857C200E826FE /* Sources */,
				854E254229C857C200E826FE /* Frameworks */,
				854E254329C857C200E826FE /* Resources */,
			);
			buildRules = (
			);
			dependencies = (
				854E254729C857C200E826FE /* PBXTargetDependency */,
			);
			name = WeatherAppTests;
			productName = WeatherAppTests;
			productReference = 854E254529C857C200E826FE /* WeatherAppTests.xctest */;
			productType = "com.apple.product-type.bundle.unit-test";
		};
		854E254E29C857C200E826FE /* WeatherAppUITests */ = {
			isa = PBXNativeTarget;
			buildConfigurationList = 854E255F29C857C200E826FE /* Build configuration list for PBXNativeTarget "WeatherAppUITests" */;
			buildPhases = (
				F13CD09B15612B8295F60467 /* [CP] Check Pods Manifest.lock */,
				854E254B29C857C200E826FE /* Sources */,
				854E254C29C857C200E826FE /* Frameworks */,
				854E254D29C857C200E826FE /* Resources */,
				F6390494700CDCFBDBE4FD85 /* [CP] Embed Pods Frameworks */,
			);
			buildRules = (
			);
			dependencies = (
				854E255129C857C200E826FE /* PBXTargetDependency */,
			);
			name = WeatherAppUITests;
			productName = WeatherAppUITests;
			productReference = 854E254F29C857C200E826FE /* WeatherAppUITests.xctest */;
			productType = "com.apple.product-type.bundle.ui-testing";
		};
/* End PBXNativeTarget section */

/* Begin PBXProject section */
		854E252829C857C000E826FE /* Project object */ = {
			isa = PBXProject;
			attributes = {
				BuildIndependentTargetsInParallel = 1;
				LastSwiftUpdateCheck = 1420;
				LastUpgradeCheck = 1420;
				TargetAttributes = {
					854E252F29C857C000E826FE = {
						CreatedOnToolsVersion = 14.2;
					};
					854E254429C857C200E826FE = {
						CreatedOnToolsVersion = 14.2;
						TestTargetID = 854E252F29C857C000E826FE;
					};
					854E254E29C857C200E826FE = {
						CreatedOnToolsVersion = 14.2;
						TestTargetID = 854E252F29C857C000E826FE;
					};
				};
			};
			buildConfigurationList = 854E252B29C857C000E826FE /* Build configuration list for PBXProject "WeatherApp" */;
			compatibilityVersion = "Xcode 14.0";
			developmentRegion = en;
			hasScannedForEncodings = 0;
			knownRegions = (
				en,
				Base,
				uk,
			);
			mainGroup = 854E252729C857C000E826FE;
			productRefGroup = 854E253129C857C000E826FE /* Products */;
			projectDirPath = "";
			projectRoot = "";
			targets = (
				854E252F29C857C000E826FE /* WeatherApp */,
				854E254429C857C200E826FE /* WeatherAppTests */,
				854E254E29C857C200E826FE /* WeatherAppUITests */,
			);
		};
/* End PBXProject section */

/* Begin PBXResourcesBuildPhase section */
		854E252E29C857C000E826FE /* Resources */ = {
			isa = PBXResourcesBuildPhase;
			buildActionMask = 2147483647;
			files = (
				854E253B29C857C200E826FE /* Preview Assets.xcassets in Resources */,
				85400A4A29C9DDCE008BD1E7 /* Localizable.strings in Resources */,
				854E253829C857C200E826FE /* Assets.xcassets in Resources */,
				85400A4629C9D9AC008BD1E7 /* swiftgen.yml in Resources */,
			);
			runOnlyForDeploymentPostprocessing = 0;
		};
		854E254329C857C200E826FE /* Resources */ = {
			isa = PBXResourcesBuildPhase;
			buildActionMask = 2147483647;
			files = (
			);
			runOnlyForDeploymentPostprocessing = 0;
		};
		854E254D29C857C200E826FE /* Resources */ = {
			isa = PBXResourcesBuildPhase;
			buildActionMask = 2147483647;
			files = (
			);
			runOnlyForDeploymentPostprocessing = 0;
		};
/* End PBXResourcesBuildPhase section */

/* Begin PBXShellScriptBuildPhase section */
		224E3BB608C572633BCB51B4 /* [CP] Embed Pods Frameworks */ = {
			isa = PBXShellScriptBuildPhase;
			buildActionMask = 2147483647;
			files = (
			);
			inputFileListPaths = (
				"${PODS_ROOT}/Target Support Files/Pods-WeatherApp/Pods-WeatherApp-frameworks-${CONFIGURATION}-input-files.xcfilelist",
			);
			name = "[CP] Embed Pods Frameworks";
			outputFileListPaths = (
				"${PODS_ROOT}/Target Support Files/Pods-WeatherApp/Pods-WeatherApp-frameworks-${CONFIGURATION}-output-files.xcfilelist",
			);
			runOnlyForDeploymentPostprocessing = 0;
			shellPath = /bin/sh;
			shellScript = "\"${PODS_ROOT}/Target Support Files/Pods-WeatherApp/Pods-WeatherApp-frameworks.sh\"\n";
			showEnvVarsInLog = 0;
		};
		5B0167B059189C31C5063A4B /* [CP] Check Pods Manifest.lock */ = {
			isa = PBXShellScriptBuildPhase;
			buildActionMask = 2147483647;
			files = (
			);
			inputFileListPaths = (
			);
			inputPaths = (
				"${PODS_PODFILE_DIR_PATH}/Podfile.lock",
				"${PODS_ROOT}/Manifest.lock",
			);
			name = "[CP] Check Pods Manifest.lock";
			outputFileListPaths = (
			);
			outputPaths = (
				"$(DERIVED_FILE_DIR)/Pods-WeatherAppTests-checkManifestLockResult.txt",
			);
			runOnlyForDeploymentPostprocessing = 0;
			shellPath = /bin/sh;
			shellScript = "diff \"${PODS_PODFILE_DIR_PATH}/Podfile.lock\" \"${PODS_ROOT}/Manifest.lock\" > /dev/null\nif [ $? != 0 ] ; then\n    # print error to STDERR\n    echo \"error: The sandbox is not in sync with the Podfile.lock. Run 'pod install' or update your CocoaPods installation.\" >&2\n    exit 1\nfi\n# This output is used by Xcode 'outputs' to avoid re-running this script phase.\necho \"SUCCESS\" > \"${SCRIPT_OUTPUT_FILE_0}\"\n";
			showEnvVarsInLog = 0;
		};
		85400A4729C9D9D5008BD1E7 /* SwiftLint */ = {
			isa = PBXShellScriptBuildPhase;
			buildActionMask = 2147483647;
			files = (
			);
			inputFileListPaths = (
			);
			inputPaths = (
			);
			name = SwiftLint;
			outputFileListPaths = (
			);
			outputPaths = (
			);
			runOnlyForDeploymentPostprocessing = 0;
			shellPath = /bin/sh;
			shellScript = "\"${PODS_ROOT}/SwiftLint/swiftlint\"\n";
		};
		85400A4E29C9DE76008BD1E7 /* SwiftGen */ = {
			isa = PBXShellScriptBuildPhase;
			alwaysOutOfDate = 1;
			buildActionMask = 2147483647;
			files = (
			);
			inputFileListPaths = (
			);
			inputPaths = (
			);
			name = SwiftGen;
			outputFileListPaths = (
			);
			outputPaths = (
			);
			runOnlyForDeploymentPostprocessing = 0;
			shellPath = /bin/sh;
			shellScript = "if [[ -f \"${PODS_ROOT}/SwiftGen/bin/swiftgen\" ]]; then\n  \"${PODS_ROOT}/SwiftGen/bin/swiftgen\"\nelse\n  echo \"warning: SwiftGen is not installed. Run 'pod install --repo-update' to install it.\"\nfi\n";
		};
		9C9A8614FAB65E5751C149E9 /* [CP] Check Pods Manifest.lock */ = {
			isa = PBXShellScriptBuildPhase;
			buildActionMask = 2147483647;
			files = (
			);
			inputFileListPaths = (
			);
			inputPaths = (
				"${PODS_PODFILE_DIR_PATH}/Podfile.lock",
				"${PODS_ROOT}/Manifest.lock",
			);
			name = "[CP] Check Pods Manifest.lock";
			outputFileListPaths = (
			);
			outputPaths = (
				"$(DERIVED_FILE_DIR)/Pods-WeatherApp-checkManifestLockResult.txt",
			);
			runOnlyForDeploymentPostprocessing = 0;
			shellPath = /bin/sh;
			shellScript = "diff \"${PODS_PODFILE_DIR_PATH}/Podfile.lock\" \"${PODS_ROOT}/Manifest.lock\" > /dev/null\nif [ $? != 0 ] ; then\n    # print error to STDERR\n    echo \"error: The sandbox is not in sync with the Podfile.lock. Run 'pod install' or update your CocoaPods installation.\" >&2\n    exit 1\nfi\n# This output is used by Xcode 'outputs' to avoid re-running this script phase.\necho \"SUCCESS\" > \"${SCRIPT_OUTPUT_FILE_0}\"\n";
			showEnvVarsInLog = 0;
		};
		F13CD09B15612B8295F60467 /* [CP] Check Pods Manifest.lock */ = {
			isa = PBXShellScriptBuildPhase;
			buildActionMask = 2147483647;
			files = (
			);
			inputFileListPaths = (
			);
			inputPaths = (
				"${PODS_PODFILE_DIR_PATH}/Podfile.lock",
				"${PODS_ROOT}/Manifest.lock",
			);
			name = "[CP] Check Pods Manifest.lock";
			outputFileListPaths = (
			);
			outputPaths = (
				"$(DERIVED_FILE_DIR)/Pods-WeatherApp-WeatherAppUITests-checkManifestLockResult.txt",
			);
			runOnlyForDeploymentPostprocessing = 0;
			shellPath = /bin/sh;
			shellScript = "diff \"${PODS_PODFILE_DIR_PATH}/Podfile.lock\" \"${PODS_ROOT}/Manifest.lock\" > /dev/null\nif [ $? != 0 ] ; then\n    # print error to STDERR\n    echo \"error: The sandbox is not in sync with the Podfile.lock. Run 'pod install' or update your CocoaPods installation.\" >&2\n    exit 1\nfi\n# This output is used by Xcode 'outputs' to avoid re-running this script phase.\necho \"SUCCESS\" > \"${SCRIPT_OUTPUT_FILE_0}\"\n";
			showEnvVarsInLog = 0;
		};
		F6390494700CDCFBDBE4FD85 /* [CP] Embed Pods Frameworks */ = {
			isa = PBXShellScriptBuildPhase;
			buildActionMask = 2147483647;
			files = (
			);
			inputFileListPaths = (
				"${PODS_ROOT}/Target Support Files/Pods-WeatherApp-WeatherAppUITests/Pods-WeatherApp-WeatherAppUITests-frameworks-${CONFIGURATION}-input-files.xcfilelist",
			);
			name = "[CP] Embed Pods Frameworks";
			outputFileListPaths = (
				"${PODS_ROOT}/Target Support Files/Pods-WeatherApp-WeatherAppUITests/Pods-WeatherApp-WeatherAppUITests-frameworks-${CONFIGURATION}-output-files.xcfilelist",
			);
			runOnlyForDeploymentPostprocessing = 0;
			shellPath = /bin/sh;
			shellScript = "\"${PODS_ROOT}/Target Support Files/Pods-WeatherApp-WeatherAppUITests/Pods-WeatherApp-WeatherAppUITests-frameworks.sh\"\n";
			showEnvVarsInLog = 0;
		};
/* End PBXShellScriptBuildPhase section */

/* Begin PBXSourcesBuildPhase section */
		854E252C29C857C000E826FE /* Sources */ = {
			isa = PBXSourcesBuildPhase;
			buildActionMask = 2147483647;
			files = (
				85E35E7229F026020095FF08 /* Repository.swift in Sources */,
				85ECB2F929D65FBE00DCCD59 /* InformationView.swift in Sources */,
				854E254029C857C200E826FE /* WeatherApp.xcdatamodeld in Sources */,
				85E35E6329DD8E4E0095FF08 /* Router.swift in Sources */,
				85C15A1929D457D1009CDE8B /* CityDetailView.swift in Sources */,
				85400A3E29C87040008BD1E7 /* MainView.swift in Sources */,
				85E35E6E29ED9FB90095FF08 /* CityModel.swift in Sources */,
				85400A6629D2E68A008BD1E7 /* TextFieldView.swift in Sources */,
				8534612929D6453400EB0FAB /* WeekForecast.swift in Sources */,
				85E35E832A0153570095FF08 /* AppAssembly.swift in Sources */,
				85E35E6929E6FF2A0095FF08 /* API.swift in Sources */,
				85E35E6B29E82CF70095FF08 /* CityData.swift in Sources */,
				85400A5329C9E1EB008BD1E7 /* Assets.swift in Sources */,
				85400A5929CB09FA008BD1E7 /* MapView.swift in Sources */,
				85400A6229D2E380008BD1E7 /* SearchScreenView.swift in Sources */,
				8504A5FE29D3285300AFC9E8 /* CityCompletionView.swift in Sources */,
				85ECB2FE29D9A27D00DCCD59 /* WeatherModel.swift in Sources */,
				85E35E6629E6EC040095FF08 /* WeatherData.swift in Sources */,
				85400A5529C9E6AF008BD1E7 /* HourlyWeather.swift in Sources */,
				85400A5B29CCAA14008BD1E7 /* SearchFieldView.swift in Sources */,
				85400A6029CDB4C6008BD1E7 /* DateExtensions.swift in Sources */,
				85ECB30329DB34D400DCCD59 /* WeatherView.swift in Sources */,
				85400A5E29CD99F4008BD1E7 /* ViewExtensions.swift in Sources */,
				854E253429C857C000E826FE /* WeatherApp.swift in Sources */,
				85E35E7D29F6F5050095FF08 /* Persistence.swift in Sources */,
				85E35E7429F3F1B60095FF08 /* SearchScreenViewModel.swift in Sources */,
				85E35E7629F3F5CF0095FF08 /* WeatherViewModel.swift in Sources */,
				85E35E7029EEFAB00095FF08 /* DataExtensions.swift in Sources */,
				85E35E7829F3FA270095FF08 /* CitiesListViewModel.swift in Sources */,
				85400A4229C87145008BD1E7 /* CurrentTemperatureView.swift in Sources */,
				85400A4429C9B6B0008BD1E7 /* DetailsView.swift in Sources */,
				85C15A1C29D46481009CDE8B /* CitiesListView.swift in Sources */,
				85E35E8029F7CF5D0095FF08 /* DataModel.xcdatamodeld in Sources */,
				85400A5729C9F220008BD1E7 /* Icon.swift in Sources */,
				85E35E852A0154E60095FF08 /* ContainerExtension.swift in Sources */,
				85ECB30029DB15C500DCCD59 /* MainViewModel.swift in Sources */,
				85400A5229C9E1EB008BD1E7 /* Strings.swift in Sources */,
			);
			runOnlyForDeploymentPostprocessing = 0;
		};
		854E254129C857C200E826FE /* Sources */ = {
			isa = PBXSourcesBuildPhase;
			buildActionMask = 2147483647;
			files = (
				854E254A29C857C200E826FE /* WeatherAppTests.swift in Sources */,
			);
			runOnlyForDeploymentPostprocessing = 0;
		};
		854E254B29C857C200E826FE /* Sources */ = {
			isa = PBXSourcesBuildPhase;
			buildActionMask = 2147483647;
			files = (
				854E255429C857C200E826FE /* WeatherAppUITests.swift in Sources */,
				854E255629C857C200E826FE /* WeatherAppUITestsLaunchTests.swift in Sources */,
			);
			runOnlyForDeploymentPostprocessing = 0;
		};
/* End PBXSourcesBuildPhase section */

/* Begin PBXTargetDependency section */
		854E254729C857C200E826FE /* PBXTargetDependency */ = {
			isa = PBXTargetDependency;
			target = 854E252F29C857C000E826FE /* WeatherApp */;
			targetProxy = 854E254629C857C200E826FE /* PBXContainerItemProxy */;
		};
		854E255129C857C200E826FE /* PBXTargetDependency */ = {
			isa = PBXTargetDependency;
			target = 854E252F29C857C000E826FE /* WeatherApp */;
			targetProxy = 854E255029C857C200E826FE /* PBXContainerItemProxy */;
		};
/* End PBXTargetDependency section */

/* Begin PBXVariantGroup section */
		85400A4C29C9DDCE008BD1E7 /* Localizable.strings */ = {
			isa = PBXVariantGroup;
			children = (
				85400A4B29C9DDCE008BD1E7 /* en */,
				85400A4D29C9DDD0008BD1E7 /* uk */,
			);
			name = Localizable.strings;
			sourceTree = "<group>";
		};
/* End PBXVariantGroup section */

/* Begin XCBuildConfiguration section */
		854E255729C857C200E826FE /* Debug */ = {
			isa = XCBuildConfiguration;
			buildSettings = {
				ALWAYS_SEARCH_USER_PATHS = NO;
				CLANG_ANALYZER_NONNULL = YES;
				CLANG_ANALYZER_NUMBER_OBJECT_CONVERSION = YES_AGGRESSIVE;
				CLANG_CXX_LANGUAGE_STANDARD = "gnu++20";
				CLANG_ENABLE_MODULES = YES;
				CLANG_ENABLE_OBJC_ARC = YES;
				CLANG_ENABLE_OBJC_WEAK = YES;
				CLANG_WARN_BLOCK_CAPTURE_AUTORELEASING = YES;
				CLANG_WARN_BOOL_CONVERSION = YES;
				CLANG_WARN_COMMA = YES;
				CLANG_WARN_CONSTANT_CONVERSION = YES;
				CLANG_WARN_DEPRECATED_OBJC_IMPLEMENTATIONS = YES;
				CLANG_WARN_DIRECT_OBJC_ISA_USAGE = YES_ERROR;
				CLANG_WARN_DOCUMENTATION_COMMENTS = YES;
				CLANG_WARN_EMPTY_BODY = YES;
				CLANG_WARN_ENUM_CONVERSION = YES;
				CLANG_WARN_INFINITE_RECURSION = YES;
				CLANG_WARN_INT_CONVERSION = YES;
				CLANG_WARN_NON_LITERAL_NULL_CONVERSION = YES;
				CLANG_WARN_OBJC_IMPLICIT_RETAIN_SELF = YES;
				CLANG_WARN_OBJC_LITERAL_CONVERSION = YES;
				CLANG_WARN_OBJC_ROOT_CLASS = YES_ERROR;
				CLANG_WARN_QUOTED_INCLUDE_IN_FRAMEWORK_HEADER = YES;
				CLANG_WARN_RANGE_LOOP_ANALYSIS = YES;
				CLANG_WARN_STRICT_PROTOTYPES = YES;
				CLANG_WARN_SUSPICIOUS_MOVE = YES;
				CLANG_WARN_UNGUARDED_AVAILABILITY = YES_AGGRESSIVE;
				CLANG_WARN_UNREACHABLE_CODE = YES;
				CLANG_WARN__DUPLICATE_METHOD_MATCH = YES;
				COPY_PHASE_STRIP = NO;
				DEBUG_INFORMATION_FORMAT = dwarf;
				ENABLE_STRICT_OBJC_MSGSEND = YES;
				ENABLE_TESTABILITY = YES;
				GCC_C_LANGUAGE_STANDARD = gnu11;
				GCC_DYNAMIC_NO_PIC = NO;
				GCC_NO_COMMON_BLOCKS = YES;
				GCC_OPTIMIZATION_LEVEL = 0;
				GCC_PREPROCESSOR_DEFINITIONS = (
					"DEBUG=1",
					"$(inherited)",
				);
				GCC_WARN_64_TO_32_BIT_CONVERSION = YES;
				GCC_WARN_ABOUT_RETURN_TYPE = YES_ERROR;
				GCC_WARN_UNDECLARED_SELECTOR = YES;
				GCC_WARN_UNINITIALIZED_AUTOS = YES_AGGRESSIVE;
				GCC_WARN_UNUSED_FUNCTION = YES;
				GCC_WARN_UNUSED_VARIABLE = YES;
				IPHONEOS_DEPLOYMENT_TARGET = 16.2;
				MTL_ENABLE_DEBUG_INFO = INCLUDE_SOURCE;
				MTL_FAST_MATH = YES;
				ONLY_ACTIVE_ARCH = YES;
				SDKROOT = iphoneos;
				SWIFT_ACTIVE_COMPILATION_CONDITIONS = DEBUG;
				SWIFT_OPTIMIZATION_LEVEL = "-Onone";
			};
			name = Debug;
		};
		854E255829C857C200E826FE /* Release */ = {
			isa = XCBuildConfiguration;
			buildSettings = {
				ALWAYS_SEARCH_USER_PATHS = NO;
				CLANG_ANALYZER_NONNULL = YES;
				CLANG_ANALYZER_NUMBER_OBJECT_CONVERSION = YES_AGGRESSIVE;
				CLANG_CXX_LANGUAGE_STANDARD = "gnu++20";
				CLANG_ENABLE_MODULES = YES;
				CLANG_ENABLE_OBJC_ARC = YES;
				CLANG_ENABLE_OBJC_WEAK = YES;
				CLANG_WARN_BLOCK_CAPTURE_AUTORELEASING = YES;
				CLANG_WARN_BOOL_CONVERSION = YES;
				CLANG_WARN_COMMA = YES;
				CLANG_WARN_CONSTANT_CONVERSION = YES;
				CLANG_WARN_DEPRECATED_OBJC_IMPLEMENTATIONS = YES;
				CLANG_WARN_DIRECT_OBJC_ISA_USAGE = YES_ERROR;
				CLANG_WARN_DOCUMENTATION_COMMENTS = YES;
				CLANG_WARN_EMPTY_BODY = YES;
				CLANG_WARN_ENUM_CONVERSION = YES;
				CLANG_WARN_INFINITE_RECURSION = YES;
				CLANG_WARN_INT_CONVERSION = YES;
				CLANG_WARN_NON_LITERAL_NULL_CONVERSION = YES;
				CLANG_WARN_OBJC_IMPLICIT_RETAIN_SELF = YES;
				CLANG_WARN_OBJC_LITERAL_CONVERSION = YES;
				CLANG_WARN_OBJC_ROOT_CLASS = YES_ERROR;
				CLANG_WARN_QUOTED_INCLUDE_IN_FRAMEWORK_HEADER = YES;
				CLANG_WARN_RANGE_LOOP_ANALYSIS = YES;
				CLANG_WARN_STRICT_PROTOTYPES = YES;
				CLANG_WARN_SUSPICIOUS_MOVE = YES;
				CLANG_WARN_UNGUARDED_AVAILABILITY = YES_AGGRESSIVE;
				CLANG_WARN_UNREACHABLE_CODE = YES;
				CLANG_WARN__DUPLICATE_METHOD_MATCH = YES;
				COPY_PHASE_STRIP = NO;
				DEBUG_INFORMATION_FORMAT = "dwarf-with-dsym";
				ENABLE_NS_ASSERTIONS = NO;
				ENABLE_STRICT_OBJC_MSGSEND = YES;
				GCC_C_LANGUAGE_STANDARD = gnu11;
				GCC_NO_COMMON_BLOCKS = YES;
				GCC_WARN_64_TO_32_BIT_CONVERSION = YES;
				GCC_WARN_ABOUT_RETURN_TYPE = YES_ERROR;
				GCC_WARN_UNDECLARED_SELECTOR = YES;
				GCC_WARN_UNINITIALIZED_AUTOS = YES_AGGRESSIVE;
				GCC_WARN_UNUSED_FUNCTION = YES;
				GCC_WARN_UNUSED_VARIABLE = YES;
				IPHONEOS_DEPLOYMENT_TARGET = 16.2;
				MTL_ENABLE_DEBUG_INFO = NO;
				MTL_FAST_MATH = YES;
				SDKROOT = iphoneos;
				SWIFT_COMPILATION_MODE = wholemodule;
				SWIFT_OPTIMIZATION_LEVEL = "-O";
				VALIDATE_PRODUCT = YES;
			};
			name = Release;
		};
		854E255A29C857C200E826FE /* Debug */ = {
			isa = XCBuildConfiguration;
			baseConfigurationReference = CDA265E7EE6853E6242E5371 /* Pods-WeatherApp.debug.xcconfig */;
			buildSettings = {
				ASSETCATALOG_COMPILER_APPICON_NAME = AppIcon;
				ASSETCATALOG_COMPILER_GLOBAL_ACCENT_COLOR_NAME = AccentColor;
				CODE_SIGN_STYLE = Automatic;
				CURRENT_PROJECT_VERSION = 1;
				DEVELOPMENT_ASSET_PATHS = "\"WeatherApp/Preview Content\"";
				DEVELOPMENT_TEAM = NWJQXY2934;
				ENABLE_PREVIEWS = YES;
				GENERATE_INFOPLIST_FILE = YES;
				INFOPLIST_KEY_UIApplicationSceneManifest_Generation = YES;
				INFOPLIST_KEY_UIApplicationSupportsIndirectInputEvents = YES;
				INFOPLIST_KEY_UILaunchScreen_Generation = YES;
				INFOPLIST_KEY_UISupportedInterfaceOrientations_iPad = "UIInterfaceOrientationPortrait UIInterfaceOrientationPortraitUpsideDown UIInterfaceOrientationLandscapeLeft UIInterfaceOrientationLandscapeRight";
				INFOPLIST_KEY_UISupportedInterfaceOrientations_iPhone = "UIInterfaceOrientationPortrait UIInterfaceOrientationLandscapeLeft UIInterfaceOrientationLandscapeRight";
				LD_RUNPATH_SEARCH_PATHS = (
					"$(inherited)",
					"@executable_path/Frameworks",
				);
				MARKETING_VERSION = 1.0;
				PRODUCT_BUNDLE_IDENTIFIER = com.ChristinaStepanok.WeatherApp;
				PRODUCT_NAME = "$(TARGET_NAME)";
				SWIFT_EMIT_LOC_STRINGS = YES;
				SWIFT_VERSION = 5.0;
				TARGETED_DEVICE_FAMILY = "1,2";
			};
			name = Debug;
		};
		854E255B29C857C200E826FE /* Release */ = {
			isa = XCBuildConfiguration;
			baseConfigurationReference = DA0AFF364A21B7A699413955 /* Pods-WeatherApp.release.xcconfig */;
			buildSettings = {
				ASSETCATALOG_COMPILER_APPICON_NAME = AppIcon;
				ASSETCATALOG_COMPILER_GLOBAL_ACCENT_COLOR_NAME = AccentColor;
				CODE_SIGN_STYLE = Automatic;
				CURRENT_PROJECT_VERSION = 1;
				DEVELOPMENT_ASSET_PATHS = "\"WeatherApp/Preview Content\"";
				DEVELOPMENT_TEAM = NWJQXY2934;
				ENABLE_PREVIEWS = YES;
				GENERATE_INFOPLIST_FILE = YES;
				INFOPLIST_KEY_UIApplicationSceneManifest_Generation = YES;
				INFOPLIST_KEY_UIApplicationSupportsIndirectInputEvents = YES;
				INFOPLIST_KEY_UILaunchScreen_Generation = YES;
				INFOPLIST_KEY_UISupportedInterfaceOrientations_iPad = "UIInterfaceOrientationPortrait UIInterfaceOrientationPortraitUpsideDown UIInterfaceOrientationLandscapeLeft UIInterfaceOrientationLandscapeRight";
				INFOPLIST_KEY_UISupportedInterfaceOrientations_iPhone = "UIInterfaceOrientationPortrait UIInterfaceOrientationLandscapeLeft UIInterfaceOrientationLandscapeRight";
				LD_RUNPATH_SEARCH_PATHS = (
					"$(inherited)",
					"@executable_path/Frameworks",
				);
				MARKETING_VERSION = 1.0;
				PRODUCT_BUNDLE_IDENTIFIER = com.ChristinaStepanok.WeatherApp;
				PRODUCT_NAME = "$(TARGET_NAME)";
				SWIFT_EMIT_LOC_STRINGS = YES;
				SWIFT_VERSION = 5.0;
				TARGETED_DEVICE_FAMILY = "1,2";
			};
			name = Release;
		};
		854E255D29C857C200E826FE /* Debug */ = {
			isa = XCBuildConfiguration;
			baseConfigurationReference = E07E94D48F88BAC0C0C0871E /* Pods-WeatherAppTests.debug.xcconfig */;
			buildSettings = {
				ALWAYS_EMBED_SWIFT_STANDARD_LIBRARIES = YES;
				BUNDLE_LOADER = "$(TEST_HOST)";
				CODE_SIGN_STYLE = Automatic;
				CURRENT_PROJECT_VERSION = 1;
				DEVELOPMENT_TEAM = NWJQXY2934;
				GENERATE_INFOPLIST_FILE = YES;
				IPHONEOS_DEPLOYMENT_TARGET = 16.2;
				MARKETING_VERSION = 1.0;
				PRODUCT_BUNDLE_IDENTIFIER = com.ChristinaStepanok.WeatherAppTests;
				PRODUCT_NAME = "$(TARGET_NAME)";
				SWIFT_EMIT_LOC_STRINGS = NO;
				SWIFT_VERSION = 5.0;
				TARGETED_DEVICE_FAMILY = "1,2";
				TEST_HOST = "$(BUILT_PRODUCTS_DIR)/WeatherApp.app/$(BUNDLE_EXECUTABLE_FOLDER_PATH)/WeatherApp";
			};
			name = Debug;
		};
		854E255E29C857C200E826FE /* Release */ = {
			isa = XCBuildConfiguration;
			baseConfigurationReference = 33F1CCCB29A79F7A8FE9F08A /* Pods-WeatherAppTests.release.xcconfig */;
			buildSettings = {
				ALWAYS_EMBED_SWIFT_STANDARD_LIBRARIES = YES;
				BUNDLE_LOADER = "$(TEST_HOST)";
				CODE_SIGN_STYLE = Automatic;
				CURRENT_PROJECT_VERSION = 1;
				DEVELOPMENT_TEAM = NWJQXY2934;
				GENERATE_INFOPLIST_FILE = YES;
				IPHONEOS_DEPLOYMENT_TARGET = 16.2;
				MARKETING_VERSION = 1.0;
				PRODUCT_BUNDLE_IDENTIFIER = com.ChristinaStepanok.WeatherAppTests;
				PRODUCT_NAME = "$(TARGET_NAME)";
				SWIFT_EMIT_LOC_STRINGS = NO;
				SWIFT_VERSION = 5.0;
				TARGETED_DEVICE_FAMILY = "1,2";
				TEST_HOST = "$(BUILT_PRODUCTS_DIR)/WeatherApp.app/$(BUNDLE_EXECUTABLE_FOLDER_PATH)/WeatherApp";
			};
			name = Release;
		};
		854E256029C857C200E826FE /* Debug */ = {
			isa = XCBuildConfiguration;
			baseConfigurationReference = 2C15BE7EB8211A777DB8C167 /* Pods-WeatherApp-WeatherAppUITests.debug.xcconfig */;
			buildSettings = {
				ALWAYS_EMBED_SWIFT_STANDARD_LIBRARIES = YES;
				CODE_SIGN_STYLE = Automatic;
				CURRENT_PROJECT_VERSION = 1;
				DEVELOPMENT_TEAM = NWJQXY2934;
				GENERATE_INFOPLIST_FILE = YES;
				MARKETING_VERSION = 1.0;
				PRODUCT_BUNDLE_IDENTIFIER = com.ChristinaStepanok.WeatherAppUITests;
				PRODUCT_NAME = "$(TARGET_NAME)";
				SWIFT_EMIT_LOC_STRINGS = NO;
				SWIFT_VERSION = 5.0;
				TARGETED_DEVICE_FAMILY = "1,2";
				TEST_TARGET_NAME = WeatherApp;
			};
			name = Debug;
		};
		854E256129C857C200E826FE /* Release */ = {
			isa = XCBuildConfiguration;
			baseConfigurationReference = D9D272905374C5CB70C34372 /* Pods-WeatherApp-WeatherAppUITests.release.xcconfig */;
			buildSettings = {
				ALWAYS_EMBED_SWIFT_STANDARD_LIBRARIES = YES;
				CODE_SIGN_STYLE = Automatic;
				CURRENT_PROJECT_VERSION = 1;
				DEVELOPMENT_TEAM = NWJQXY2934;
				GENERATE_INFOPLIST_FILE = YES;
				MARKETING_VERSION = 1.0;
				PRODUCT_BUNDLE_IDENTIFIER = com.ChristinaStepanok.WeatherAppUITests;
				PRODUCT_NAME = "$(TARGET_NAME)";
				SWIFT_EMIT_LOC_STRINGS = NO;
				SWIFT_VERSION = 5.0;
				TARGETED_DEVICE_FAMILY = "1,2";
				TEST_TARGET_NAME = WeatherApp;
			};
			name = Release;
		};
/* End XCBuildConfiguration section */

/* Begin XCConfigurationList section */
		854E252B29C857C000E826FE /* Build configuration list for PBXProject "WeatherApp" */ = {
			isa = XCConfigurationList;
			buildConfigurations = (
				854E255729C857C200E826FE /* Debug */,
				854E255829C857C200E826FE /* Release */,
			);
			defaultConfigurationIsVisible = 0;
			defaultConfigurationName = Release;
		};
		854E255929C857C200E826FE /* Build configuration list for PBXNativeTarget "WeatherApp" */ = {
			isa = XCConfigurationList;
			buildConfigurations = (
				854E255A29C857C200E826FE /* Debug */,
				854E255B29C857C200E826FE /* Release */,
			);
			defaultConfigurationIsVisible = 0;
			defaultConfigurationName = Release;
		};
		854E255C29C857C200E826FE /* Build configuration list for PBXNativeTarget "WeatherAppTests" */ = {
			isa = XCConfigurationList;
			buildConfigurations = (
				854E255D29C857C200E826FE /* Debug */,
				854E255E29C857C200E826FE /* Release */,
			);
			defaultConfigurationIsVisible = 0;
			defaultConfigurationName = Release;
		};
		854E255F29C857C200E826FE /* Build configuration list for PBXNativeTarget "WeatherAppUITests" */ = {
			isa = XCConfigurationList;
			buildConfigurations = (
				854E256029C857C200E826FE /* Debug */,
				854E256129C857C200E826FE /* Release */,
			);
			defaultConfigurationIsVisible = 0;
			defaultConfigurationName = Release;
		};
/* End XCConfigurationList section */

/* Begin XCVersionGroup section */
		854E253E29C857C200E826FE /* WeatherApp.xcdatamodeld */ = {
			isa = XCVersionGroup;
			children = (
				854E253F29C857C200E826FE /* WeatherApp.xcdatamodel */,
			);
			currentVersion = 854E253F29C857C200E826FE /* WeatherApp.xcdatamodel */;
			path = WeatherApp.xcdatamodeld;
			sourceTree = "<group>";
			versionGroupType = wrapper.xcdatamodel;
		};
		85E35E7E29F7CF5D0095FF08 /* DataModel.xcdatamodeld */ = {
			isa = XCVersionGroup;
			children = (
				85E35E7F29F7CF5D0095FF08 /* DataModel.xcdatamodel */,
			);
			currentVersion = 85E35E7F29F7CF5D0095FF08 /* DataModel.xcdatamodel */;
			path = DataModel.xcdatamodeld;
			sourceTree = "<group>";
			versionGroupType = wrapper.xcdatamodel;
		};
/* End XCVersionGroup section */
	};
	rootObject = 854E252829C857C000E826FE /* Project object */;
}
